
Microsoft Visual Studio Solution File, Format Version 12.00
# Visual Studio Version 17
VisualStudioVersion = 17.8.34330.188
MinimumVisualStudioVersion = 10.0.40219.1
Project("{FAE04EC0-301F-11D3-BF4B-00C04F79EFBC}") = "Booking", "Booking.csproj", "{7D2E25FF-FACB-4A94-91E1-E0E88BB54009}"
EndProject
Global
	GlobalSection(SolutionConfigurationPlatforms) = preSolution
		Debug|Any CPU = Debug|Any CPU
		Release|Any CPU = Release|Any CPU
	EndGlobalSection
	GlobalSection(ProjectConfigurationPlatforms) = postSolution
		{7D2E25FF-FACB-4A94-91E1-E0E88BB54009}.Debug|Any CPU.ActiveCfg = Debug|Any CPU
		{7D2E25FF-FACB-4A94-91E1-E0E88BB54009}.Debug|Any CPU.Build.0 = Debug|Any CPU
		{7D2E25FF-FACB-4A94-91E1-E0E88BB54009}.Release|Any CPU.ActiveCfg = Release|Any CPU
		{7D2E25FF-FACB-4A94-91E1-E0E88BB54009}.Release|Any CPU.Build.0 = Release|Any CPU
	EndGlobalSection
	GlobalSection(SolutionProperties) = preSolution
		HideSolutionNode = FALSE
	EndGlobalSection
	GlobalSection(ExtensibilityGlobals) = postSolution
		SolutionGuid = {6068292F-CDAE-4273-BE69-25B9B02A802B}
	EndGlobalSection
EndGlobal
